// !$*UTF8*$!
{
	archiveVersion = 1;
	classes = {
	};
	objectVersion = 55;
	objects = {

/* Begin PBXBuildFile section */
		700BA87A2799DEE900374D5C /* CardView.swift in Sources */ = {isa = PBXBuildFile; fileRef = 700BA8792799DEE900374D5C /* CardView.swift */; };
		700BA87C2799DEF600374D5C /* CardView.xib in Resources */ = {isa = PBXBuildFile; fileRef = 700BA87B2799DEF600374D5C /* CardView.xib */; };
		700BA87E279AFEE800374D5C /* MemoryGameP.swift in Sources */ = {isa = PBXBuildFile; fileRef = 700BA87D279AFEE800374D5C /* MemoryGameP.swift */; };
		703E80C92798806E00662C98 /* MemoryGame.swift in Sources */ = {isa = PBXBuildFile; fileRef = 703E80C82798806E00662C98 /* MemoryGame.swift */; };
		709FAB2627A76023004A07B9 /* PieShapeLayer.swift in Sources */ = {isa = PBXBuildFile; fileRef = 709FAB2527A76023004A07B9 /* PieShapeLayer.swift */; };
		70A430CC27987CA600770E9A /* AppDelegate.swift in Sources */ = {isa = PBXBuildFile; fileRef = 70A430CB27987CA600770E9A /* AppDelegate.swift */; };
		70A430CE27987CA600770E9A /* SceneDelegate.swift in Sources */ = {isa = PBXBuildFile; fileRef = 70A430CD27987CA600770E9A /* SceneDelegate.swift */; };
		70A430D327987CA600770E9A /* Main.storyboard in Resources */ = {isa = PBXBuildFile; fileRef = 70A430D127987CA600770E9A /* Main.storyboard */; };
		70A430D527987CA700770E9A /* Assets.xcassets in Resources */ = {isa = PBXBuildFile; fileRef = 70A430D427987CA700770E9A /* Assets.xcassets */; };
		70A430D827987CA700770E9A /* LaunchScreen.storyboard in Resources */ = {isa = PBXBuildFile; fileRef = 70A430D627987CA700770E9A /* LaunchScreen.storyboard */; };
		70A430E227987E8600770E9A /* MemoryGameVC.swift in Sources */ = {isa = PBXBuildFile; fileRef = 70A430E127987E8600770E9A /* MemoryGameVC.swift */; };
/* End PBXBuildFile section */

/* Begin PBXFileReference section */
		700BA8792799DEE900374D5C /* CardView.swift */ = {isa = PBXFileReference; lastKnownFileType = sourcecode.swift; path = CardView.swift; sourceTree = "<group>"; };
		700BA87B2799DEF600374D5C /* CardView.xib */ = {isa = PBXFileReference; lastKnownFileType = file.xib; path = CardView.xib; sourceTree = "<group>"; };
		700BA87D279AFEE800374D5C /* MemoryGameP.swift */ = {isa = PBXFileReference; lastKnownFileType = sourcecode.swift; path = MemoryGameP.swift; sourceTree = "<group>"; };
		703E80C82798806E00662C98 /* MemoryGame.swift */ = {isa = PBXFileReference; lastKnownFileType = sourcecode.swift; path = MemoryGame.swift; sourceTree = "<group>"; };
		709FAB2527A76023004A07B9 /* PieShapeLayer.swift */ = {isa = PBXFileReference; lastKnownFileType = sourcecode.swift; path = PieShapeLayer.swift; sourceTree = "<group>"; };
		70A430C827987CA600770E9A /* EmojiMemory.app */ = {isa = PBXFileReference; explicitFileType = wrapper.application; includeInIndex = 0; path = EmojiMemory.app; sourceTree = BUILT_PRODUCTS_DIR; };
		70A430CB27987CA600770E9A /* AppDelegate.swift */ = {isa = PBXFileReference; lastKnownFileType = sourcecode.swift; path = AppDelegate.swift; sourceTree = "<group>"; };
		70A430CD27987CA600770E9A /* SceneDelegate.swift */ = {isa = PBXFileReference; lastKnownFileType = sourcecode.swift; path = SceneDelegate.swift; sourceTree = "<group>"; };
		70A430D227987CA600770E9A /* Base */ = {isa = PBXFileReference; lastKnownFileType = file.storyboard; name = Base; path = Base.lproj/Main.storyboard; sourceTree = "<group>"; };
		70A430D427987CA700770E9A /* Assets.xcassets */ = {isa = PBXFileReference; lastKnownFileType = folder.assetcatalog; path = Assets.xcassets; sourceTree = "<group>"; };
		70A430D727987CA700770E9A /* Base */ = {isa = PBXFileReference; lastKnownFileType = file.storyboard; name = Base; path = Base.lproj/LaunchScreen.storyboard; sourceTree = "<group>"; };
		70A430D927987CA700770E9A /* Info.plist */ = {isa = PBXFileReference; lastKnownFileType = text.plist.xml; path = Info.plist; sourceTree = "<group>"; };
		70A430E127987E8600770E9A /* MemoryGameVC.swift */ = {isa = PBXFileReference; lastKnownFileType = sourcecode.swift; path = MemoryGameVC.swift; sourceTree = "<group>"; };
/* End PBXFileReference section */

/* Begin PBXFrameworksBuildPhase section */
		70A430C527987CA600770E9A /* Frameworks */ = {
			isa = PBXFrameworksBuildPhase;
			buildActionMask = 2147483647;
			files = (
			);
			runOnlyForDeploymentPostprocessing = 0;
		};
/* End PBXFrameworksBuildPhase section */

/* Begin PBXGroup section */
		70A430BF27987CA600770E9A = {
			isa = PBXGroup;
			children = (
				70A430CA27987CA600770E9A /* EmojiMemory */,
				70A430C927987CA600770E9A /* Products */,
			);
			sourceTree = "<group>";
		};
		70A430C927987CA600770E9A /* Products */ = {
			isa = PBXGroup;
			children = (
				70A430C827987CA600770E9A /* EmojiMemory.app */,
			);
			name = Products;
			sourceTree = "<group>";
		};
		70A430CA27987CA600770E9A /* EmojiMemory */ = {
			isa = PBXGroup;
			children = (
				70A430CB27987CA600770E9A /* AppDelegate.swift */,
				70A430CD27987CA600770E9A /* SceneDelegate.swift */,
				70A430E127987E8600770E9A /* MemoryGameVC.swift */,
				709FAB2527A76023004A07B9 /* PieShapeLayer.swift */,
				700BA87D279AFEE800374D5C /* MemoryGameP.swift */,
				703E80C82798806E00662C98 /* MemoryGame.swift */,
				70A430D127987CA600770E9A /* Main.storyboard */,
				700BA87B2799DEF600374D5C /* CardView.xib */,
				700BA8792799DEE900374D5C /* CardView.swift */,
				70A430D427987CA700770E9A /* Assets.xcassets */,
				70A430D627987CA700770E9A /* LaunchScreen.storyboard */,
				70A430D927987CA700770E9A /* Info.plist */,
			);
			path = EmojiMemory;
			sourceTree = "<group>";
		};
/* End PBXGroup section */

/* Begin PBXNativeTarget section */
		70A430C727987CA600770E9A /* EmojiMemory */ = {
			isa = PBXNativeTarget;
			buildConfigurationList = 70A430DC27987CA700770E9A /* Build configuration list for PBXNativeTarget "EmojiMemory" */;
			buildPhases = (
				70A430C427987CA600770E9A /* Sources */,
				70A430C527987CA600770E9A /* Frameworks */,
				70A430C627987CA600770E9A /* Resources */,
			);
			buildRules = (
			);
			dependencies = (
			);
			name = EmojiMemory;
			productName = EmojiMemory;
			productReference = 70A430C827987CA600770E9A /* EmojiMemory.app */;
			productType = "com.apple.product-type.application";
		};
/* End PBXNativeTarget section */

/* Begin PBXProject section */
		70A430C027987CA600770E9A /* Project object */ = {
			isa = PBXProject;
			attributes = {
				BuildIndependentTargetsInParallel = 1;
				LastSwiftUpdateCheck = 1310;
				LastUpgradeCheck = 1310;
				TargetAttributes = {
					70A430C727987CA600770E9A = {
						CreatedOnToolsVersion = 13.1;
					};
				};
			};
			buildConfigurationList = 70A430C327987CA600770E9A /* Build configuration list for PBXProject "EmojiMemory" */;
			compatibilityVersion = "Xcode 13.0";
			developmentRegion = en;
			hasScannedForEncodings = 0;
			knownRegions = (
				en,
				Base,
			);
			mainGroup = 70A430BF27987CA600770E9A;
			productRefGroup = 70A430C927987CA600770E9A /* Products */;
			projectDirPath = "";
			projectRoot = "";
			targets = (
				70A430C727987CA600770E9A /* EmojiMemory */,
			);
		};
/* End PBXProject section */

/* Begin PBXResourcesBuildPhase section */
		70A430C627987CA600770E9A /* Resources */ = {
			isa = PBXResourcesBuildPhase;
			buildActionMask = 2147483647;
			files = (
				70A430D827987CA700770E9A /* LaunchScreen.storyboard in Resources */,
				70A430D527987CA700770E9A /* Assets.xcassets in Resources */,
				700BA87C2799DEF600374D5C /* CardView.xib in Resources */,
				70A430D327987CA600770E9A /* Main.storyboard in Resources */,
			);
			runOnlyForDeploymentPostprocessing = 0;
		};
/* End PBXResourcesBuildPhase section */

/* Begin PBXSourcesBuildPhase section */
		70A430C427987CA600770E9A /* Sources */ = {
			isa = PBXSourcesBuildPhase;
			buildActionMask = 2147483647;
			files = (
				70A430CC27987CA600770E9A /* AppDelegate.swift in Sources */,
				700BA87E279AFEE800374D5C /* MemoryGameP.swift in Sources */,
				70A430CE27987CA600770E9A /* SceneDelegate.swift in Sources */,
				703E80C92798806E00662C98 /* MemoryGame.swift in Sources */,
				709FAB2627A76023004A07B9 /* PieShapeLayer.swift in Sources */,
				70A430E227987E8600770E9A /* MemoryGameVC.swift in Sources */,
				700BA87A2799DEE900374D5C /* CardView.swift in Sources */,
			);
			runOnlyForDeploymentPostprocessing = 0;
		};
/* End PBXSourcesBuildPhase section */

/* Begin PBXVariantGroup section */
		70A430D127987CA600770E9A /* Main.storyboard */ = {
			isa = PBXVariantGroup;
			children = (
				70A430D227987CA600770E9A /* Base */,
			);
			name = Main.storyboard;
			sourceTree = "<group>";
		};
		70A430D627987CA700770E9A /* LaunchScreen.storyboard */ = {
			isa = PBXVariantGroup;
			children = (
				70A430D727987CA700770E9A /* Base */,
			);
			name = LaunchScreen.storyboard;
			sourceTree = "<group>";
		};
/* End PBXVariantGroup section */

/* Begin XCBuildConfiguration section */
		70A430DA27987CA700770E9A /* Debug */ = {
			isa = XCBuildConfiguration;
			buildSettings = {
				ALWAYS_SEARCH_USER_PATHS = NO;
				CLANG_ANALYZER_NONNULL = YES;
				CLANG_ANALYZER_NUMBER_OBJECT_CONVERSION = YES_AGGRESSIVE;
				CLANG_CXX_LANGUAGE_STANDARD = "gnu++17";
				CLANG_CXX_LIBRARY = "libc++";
				CLANG_ENABLE_MODULES = YES;
				CLANG_ENABLE_OBJC_ARC = YES;
				CLANG_ENABLE_OBJC_WEAK = YES;
				CLANG_WARN_BLOCK_CAPTURE_AUTORELEASING = YES;
				CLANG_WARN_BOOL_CONVERSION = YES;
				CLANG_WARN_COMMA = YES;
				CLANG_WARN_CONSTANT_CONVERSION = YES;
				CLANG_WARN_DEPRECATED_OBJC_IMPLEMENTATIONS = YES;
				CLANG_WARN_DIRECT_OBJC_ISA_USAGE = YES_ERROR;
				CLANG_WARN_DOCUMENTATION_COMMENTS = YES;
				CLANG_WARN_EMPTY_BODY = YES;
				CLANG_WARN_ENUM_CONVERSION = YES;
				CLANG_WARN_INFINITE_RECURSION = YES;
				CLANG_WARN_INT_CONVERSION = YES;
				CLANG_WARN_NON_LITERAL_NULL_CONVERSION = YES;
				CLANG_WARN_OBJC_IMPLICIT_RETAIN_SELF = YES;
				CLANG_WARN_OBJC_LITERAL_CONVERSION = YES;
				CLANG_WARN_OBJC_ROOT_CLASS = YES_ERROR;
				CLANG_WARN_QUOTED_INCLUDE_IN_FRAMEWORK_HEADER = YES;
				CLANG_WARN_RANGE_LOOP_ANALYSIS = YES;
				CLANG_WARN_STRICT_PROTOTYPES = YES;
				CLANG_WARN_SUSPICIOUS_MOVE = YES;
				CLANG_WARN_UNGUARDED_AVAILABILITY = YES_AGGRESSIVE;
				CLANG_WARN_UNREACHABLE_CODE = YES;
				CLANG_WARN__DUPLICATE_METHOD_MATCH = YES;
				COPY_PHASE_STRIP = NO;
				DEBUG_INFORMATION_FORMAT = dwarf;
				ENABLE_STRICT_OBJC_MSGSEND = YES;
				ENABLE_TESTABILITY = YES;
				GCC_C_LANGUAGE_STANDARD = gnu11;
				GCC_DYNAMIC_NO_PIC = NO;
				GCC_NO_COMMON_BLOCKS = YES;
				GCC_OPTIMIZATION_LEVEL = 0;
				GCC_PREPROCESSOR_DEFINITIONS = (
					"DEBUG=1",
					"$(inherited)",
				);
				GCC_WARN_64_TO_32_BIT_CONVERSION = YES;
				GCC_WARN_ABOUT_RETURN_TYPE = YES_ERROR;
				GCC_WARN_UNDECLARED_SELECTOR = YES;
				GCC_WARN_UNINITIALIZED_AUTOS = YES_AGGRESSIVE;
				GCC_WARN_UNUSED_FUNCTION = YES;
				GCC_WARN_UNUSED_VARIABLE = YES;
				IPHONEOS_DEPLOYMENT_TARGET = 15.0;
				MTL_ENABLE_DEBUG_INFO = INCLUDE_SOURCE;
				MTL_FAST_MATH = YES;
				ONLY_ACTIVE_ARCH = YES;
				SDKROOT = iphoneos;
				SWIFT_ACTIVE_COMPILATION_CONDITIONS = DEBUG;
				SWIFT_OPTIMIZATION_LEVEL = "-Onone";
			};
			name = Debug;
		};
		70A430DB27987CA700770E9A /* Release */ = {
			isa = XCBuildConfiguration;
			buildSettings = {
				ALWAYS_SEARCH_USER_PATHS = NO;
				CLANG_ANALYZER_NONNULL = YES;
				CLANG_ANALYZER_NUMBER_OBJECT_CONVERSION = YES_AGGRESSIVE;
				CLANG_CXX_LANGUAGE_STANDARD = "gnu++17";
				CLANG_CXX_LIBRARY = "libc++";
				CLANG_ENABLE_MODULES = YES;
				CLANG_ENABLE_OBJC_ARC = YES;
				CLANG_ENABLE_OBJC_WEAK = YES;
				CLANG_WARN_BLOCK_CAPTURE_AUTORELEASING = YES;
				CLANG_WARN_BOOL_CONVERSION = YES;
				CLANG_WARN_COMMA = YES;
				CLANG_WARN_CONSTANT_CONVERSION = YES;
				CLANG_WARN_DEPRECATED_OBJC_IMPLEMENTATIONS = YES;
				CLANG_WARN_DIRECT_OBJC_ISA_USAGE = YES_ERROR;
				CLANG_WARN_DOCUMENTATION_COMMENTS = YES;
				CLANG_WARN_EMPTY_BODY = YES;
				CLANG_WARN_ENUM_CONVERSION = YES;
				CLANG_WARN_INFINITE_RECURSION = YES;
				CLANG_WARN_INT_CONVERSION = YES;
				CLANG_WARN_NON_LITERAL_NULL_CONVERSION = YES;
				CLANG_WARN_OBJC_IMPLICIT_RETAIN_SELF = YES;
				CLANG_WARN_OBJC_LITERAL_CONVERSION = YES;
				CLANG_WARN_OBJC_ROOT_CLASS = YES_ERROR;
				CLANG_WARN_QUOTED_INCLUDE_IN_FRAMEWORK_HEADER = YES;
				CLANG_WARN_RANGE_LOOP_ANALYSIS = YES;
				CLANG_WARN_STRICT_PROTOTYPES = YES;
				CLANG_WARN_SUSPICIOUS_MOVE = YES;
				CLANG_WARN_UNGUARDED_AVAILABILITY = YES_AGGRESSIVE;
				CLANG_WARN_UNREACHABLE_CODE = YES;
				CLANG_WARN__DUPLICATE_METHOD_MATCH = YES;
				COPY_PHASE_STRIP = NO;
				DEBUG_INFORMATION_FORMAT = "dwarf-with-dsym";
				ENABLE_NS_ASSERTIONS = NO;
				ENABLE_STRICT_OBJC_MSGSEND = YES;
				GCC_C_LANGUAGE_STANDARD = gnu11;
				GCC_NO_COMMON_BLOCKS = YES;
				GCC_WARN_64_TO_32_BIT_CONVERSION = YES;
				GCC_WARN_ABOUT_RETURN_TYPE = YES_ERROR;
				GCC_WARN_UNDECLARED_SELECTOR = YES;
				GCC_WARN_UNINITIALIZED_AUTOS = YES_AGGRESSIVE;
				GCC_WARN_UNUSED_FUNCTION = YES;
				GCC_WARN_UNUSED_VARIABLE = YES;
				IPHONEOS_DEPLOYMENT_TARGET = 15.0;
				MTL_ENABLE_DEBUG_INFO = NO;
				MTL_FAST_MATH = YES;
				SDKROOT = iphoneos;
				SWIFT_COMPILATION_MODE = wholemodule;
				SWIFT_OPTIMIZATION_LEVEL = "-O";
				VALIDATE_PRODUCT = YES;
			};
			name = Release;
		};
		70A430DD27987CA700770E9A /* Debug */ = {
			isa = XCBuildConfiguration;
			buildSettings = {
				ASSETCATALOG_COMPILER_APPICON_NAME = AppIcon;
				ASSETCATALOG_COMPILER_GLOBAL_ACCENT_COLOR_NAME = AccentColor;
				CODE_SIGN_STYLE = Automatic;
				CURRENT_PROJECT_VERSION = 1;
				DEVELOPMENT_TEAM = 8YQ258U397;
				GENERATE_INFOPLIST_FILE = YES;
				INFOPLIST_FILE = EmojiMemory/Info.plist;
				INFOPLIST_KEY_UIApplicationSupportsIndirectInputEvents = YES;
				INFOPLIST_KEY_UILaunchStoryboardName = LaunchScreen;
				INFOPLIST_KEY_UIMainStoryboardFile = Main;
				INFOPLIST_KEY_UISupportedInterfaceOrientations_iPad = "UIInterfaceOrientationPortrait UIInterfaceOrientationPortraitUpsideDown UIInterfaceOrientationLandscapeLeft UIInterfaceOrientationLandscapeRight";
				INFOPLIST_KEY_UISupportedInterfaceOrientations_iPhone = "UIInterfaceOrientationPortrait UIInterfaceOrientationLandscapeLeft UIInterfaceOrientationLandscapeRight";
				LD_RUNPATH_SEARCH_PATHS = (
					"$(inherited)",
					"@executable_path/Frameworks",
				);
				MARKETING_VERSION = 1.0;
				PRODUCT_BUNDLE_IDENTIFIER = com.guillermo.EmojiMemory;
				PRODUCT_NAME = "$(TARGET_NAME)";
				SWIFT_EMIT_LOC_STRINGS = YES;
				SWIFT_VERSION = 5.0;
				TARGETED_DEVICE_FAMILY = "1,2";
			};
			name = Debug;
		};
		70A430DE27987CA700770E9A /* Release */ = {
			isa = XCBuildConfiguration;
			buildSettings = {
				ASSETCATALOG_COMPILER_APPICON_NAME = AppIcon;
				ASSETCATALOG_COMPILER_GLOBAL_ACCENT_COLOR_NAME = AccentColor;
				CODE_SIGN_STYLE = Automatic;
				CURRENT_PROJECT_VERSION = 1;
				DEVELOPMENT_TEAM = 8YQ258U397;
				GENERATE_INFOPLIST_FILE = YES;
				INFOPLIST_FILE = EmojiMemory/Info.plist;
				INFOPLIST_KEY_UIApplicationSupportsIndirectInputEvents = YES;
				INFOPLIST_KEY_UILaunchStoryboardName = LaunchScreen;
				INFOPLIST_KEY_UIMainStoryboardFile = Main;
				INFOPLIST_KEY_UISupportedInterfaceOrientations_iPad = "UIInterfaceOrientationPortrait UIInterfaceOrientationPortraitUpsideDown UIInterfaceOrientationLandscapeLeft UIInterfaceOrientationLandscapeRight";
				INFOPLIST_KEY_UISupportedInterfaceOrientations_iPhone = "UIInterfaceOrientationPortrait UIInterfaceOrientationLandscapeLeft UIInterfaceOrientationLandscapeRight";
				LD_RUNPATH_SEARCH_PATHS = (
					"$(inherited)",
					"@executable_path/Frameworks",
				);
				MARKETING_VERSION = 1.0;
				PRODUCT_BUNDLE_IDENTIFIER = com.guillermo.EmojiMemory;
				PRODUCT_NAME = "$(TARGET_NAME)";
				SWIFT_EMIT_LOC_STRINGS = YES;
				SWIFT_VERSION = 5.0;
				TARGETED_DEVICE_FAMILY = "1,2";
			};
			name = Release;
		};
/* End XCBuildConfiguration section */

/* Begin XCConfigurationList section */
		70A430C327987CA600770E9A /* Build configuration list for PBXProject "EmojiMemory" */ = {
			isa = XCConfigurationList;
			buildConfigurations = (
				70A430DA27987CA700770E9A /* Debug */,
				70A430DB27987CA700770E9A /* Release */,
			);
			defaultConfigurationIsVisible = 0;
			defaultConfigurationName = Release;
		};
		70A430DC27987CA700770E9A /* Build configuration list for PBXNativeTarget "EmojiMemory" */ = {
			isa = XCConfigurationList;
			buildConfigurations = (
				70A430DD27987CA700770E9A /* Debug */,
				70A430DE27987CA700770E9A /* Release */,
			);
			defaultConfigurationIsVisible = 0;
			defaultConfigurationName = Release;
		};
/* End XCConfigurationList section */
	};
	rootObject = 70A430C027987CA600770E9A /* Project object */;
}
